
Microsoft Visual Studio Solution File, Format Version 12.00
# Visual Studio Version 16
VisualStudioVersion = 16.0.30011.22
MinimumVisualStudioVersion = 10.0.40219.1
Project("{FAE04EC0-301F-11D3-BF4B-00C04F79EFBC}") = "SortAlgorithms", "SortAlgorithms\SortAlgorithms.csproj", "{A9C30E71-3CEF-42A5-8743-80A2340045A3}"
EndProject
Project("{FAE04EC0-301F-11D3-BF4B-00C04F79EFBC}") = "Algorithm", "Algorithm\Algorithm.csproj", "{8FDFDBD8-6747-4775-9094-E0009E74A422}"
EndProject
Project("{FAE04EC0-301F-11D3-BF4B-00C04F79EFBC}") = "AlgorithmTests", "AlgorithmTests\AlgorithmTests.csproj", "{4F80D18D-6E61-4083-BC7B-7E6109FCBD2B}"
EndProject
Global
	GlobalSection(SolutionConfigurationPlatforms) = preSolution
		Debug|Any CPU = Debug|Any CPU
		Release|Any CPU = Release|Any CPU
	EndGlobalSection
	GlobalSection(ProjectConfigurationPlatforms) = postSolution
		{A9C30E71-3CEF-42A5-8743-80A2340045A3}.Debug|Any CPU.ActiveCfg = Debug|Any CPU
		{A9C30E71-3CEF-42A5-8743-80A2340045A3}.Debug|Any CPU.Build.0 = Debug|Any CPU
		{A9C30E71-3CEF-42A5-8743-80A2340045A3}.Release|Any CPU.ActiveCfg = Release|Any CPU
		{A9C30E71-3CEF-42A5-8743-80A2340045A3}.Release|Any CPU.Build.0 = Release|Any CPU
		{8FDFDBD8-6747-4775-9094-E0009E74A422}.Debug|Any CPU.ActiveCfg = Debug|Any CPU
		{8FDFDBD8-6747-4775-9094-E0009E74A422}.Debug|Any CPU.Build.0 = Debug|Any CPU
		{8FDFDBD8-6747-4775-9094-E0009E74A422}.Release|Any CPU.ActiveCfg = Release|Any CPU
		{8FDFDBD8-6747-4775-9094-E0009E74A422}.Release|Any CPU.Build.0 = Release|Any CPU
		{4F80D18D-6E61-4083-BC7B-7E6109FCBD2B}.Debug|Any CPU.ActiveCfg = Debug|Any CPU
		{4F80D18D-6E61-4083-BC7B-7E6109FCBD2B}.Debug|Any CPU.Build.0 = Debug|Any CPU
		{4F80D18D-6E61-4083-BC7B-7E6109FCBD2B}.Release|Any CPU.ActiveCfg = Release|Any CPU
		{4F80D18D-6E61-4083-BC7B-7E6109FCBD2B}.Release|Any CPU.Build.0 = Release|Any CPU
	EndGlobalSection
	GlobalSection(SolutionProperties) = preSolution
		HideSolutionNode = FALSE
	EndGlobalSection
	GlobalSection(ExtensibilityGlobals) = postSolution
		SolutionGuid = {A5F037C8-AF16-46F6-ABE1-69F4DC1960DD}
	EndGlobalSection
EndGlobal
